{
    "_meta": {
        "hash": {
            "sha256": "d6b294e77c17fa1dae90356294aea426017910ac0da2ad4acaffedf952fbefd4"
        },
        "pipfile-spec": 6,
        "requires": {
            "python_version": "3.6"
        },
        "sources": [
            {
                "name": "pypi",
                "url": "https://pypi.org/simple",
                "verify_ssl": true
            }
        ]
    },
    "default": {
        "click": {
            "hashes": [
                "sha256:2335065e6395b9e67ca716de5f7526736bfa6ceead690adf616d925bdc622b13",
                "sha256:5b94b49521f6456670fdb30cd82a4eca9412788a93fa6dd6df72c94d5a8ff2d7"
            ],
            "version": "==7.0"
        },
        "redis": {
            "hashes": [
                "sha256:74c892041cba46078ae1ef845241548baa3bd3634f9a6f0f952f006eb1619c71",
                "sha256:7ba8612bbfd966dea8c62322543fed0095da2834dbd5a7c124afbc617a156aa7"
            ],
            "version": "==3.1.0"
        },
        "rq": {
            "hashes": [
                "sha256:2ef7de3fa26a4ce41dcd0561bdba12bb62fa5b9b6d21120122d8dbbe44bb6a77",
                "sha256:c3c6bdf738652b8464e8b32c5e158a5e646ee553711d5a1e9c6c23ab17ef68b1"
            ],
            "index": "pypi",
            "version": "==0.13.0"
        }
    },
    "develop": {}
}
